PODS:
  - audioplayers_darwin (0.0.1):
    - Flutter
    - FlutterMacOS
  - CwlCatchException (2.2.1):
    - CwlCatchExceptionSupport (~> 2.2.1)
  - CwlCatchExceptionSupport (2.2.1)
  - Flutter (1.0.0)
  - permission_handler_apple (9.3.0):
    - Flutter
  - SocketRocket (0.6.1)
  - speech_to_text (7.2.0):
    - CwlCatchException
    - Flutter
    - FlutterMacOS
  - SpeechEngineToB (0.0.14.2-bugfix):
    - SocketRocket
  - video_player_avfoundation (0.0.1):
    - Flutter
    - FlutterMacOS

DEPENDENCIES:
  - audioplayers_darwin (from `.symlinks/plugins/audioplayers_darwin/darwin`)
  - Flutter (from `Flutter`)
  - permission_handler_apple (from `.symlinks/plugins/permission_handler_apple/ios`)
  - SocketRocket (= 0.6.1)
  - speech_to_text (from `.symlinks/plugins/speech_to_text/darwin`)
  - SpeechEngineToB (= 0.0.14.2-bugfix)
  - video_player_avfoundation (from `.symlinks/plugins/video_player_avfoundation/darwin`)

SPEC REPOS:
  https://github.com/volcengine/volcengine-specs.git:
    - SpeechEngineToB
  trunk:
    - CwlCatchException
    - CwlCatchExceptionSupport
    - SocketRocket

EXTERNAL SOURCES:
  audioplayers_darwin:
    :path: ".symlinks/plugins/audioplayers_darwin/darwin"
  Flutter:
    :path: Flutter
  permission_handler_apple:
    :path: ".symlinks/plugins/permission_handler_apple/ios"
  speech_to_text:
    :path: ".symlinks/plugins/speech_to_text/darwin"
  video_player_avfoundation:
    :path: ".symlinks/plugins/video_player_avfoundation/darwin"

SPEC CHECKSUMS:
  audioplayers_darwin: 835ced6edd4c9fc8ebb0a7cc9e294a91d99917d5
  CwlCatchException: 7acc161b299a6de7f0a46a6ed741eae2c8b4d75a
  CwlCatchExceptionSupport: 54ccab8d8c78907b57f99717fb19d4cc3bce02dc
  Flutter: cabc95a1d2626b1b06e7179b784ebcf0c0cde467
  permission_handler_apple: 4ed2196e43d0651e8ff7ca3483a069d469701f2d
  SocketRocket: f32cd54efbe0f095c4d7594881e52619cfe80b17
  speech_to_text: 3b313d98516d3d0406cea424782ec25470c59d19
  SpeechEngineToB: 9fc39cb57e4614a727bf6e80287cb3ee861915a4
  video_player_avfoundation: dd410b52df6d2466a42d28550e33e4146928280a

PODFILE CHECKSUM: 3d1777c0631073da7f8ca9e1bb97297c2b791027

COCOAPODS: 1.16.2
